{
    "_readme": [
        "This file locks the dependencies of your project to a known state",
        "Read more about it at https://getcomposer.org/doc/01-basic-usage.md#installing-dependencies",
        "This file is @generated automatically"
    ],
    "content-hash": "7c13a9dc18cca73888d4845586f9d40d",
    "packages": [],
    "packages-dev": [
        {
            "name": "honl/magento2-templatehints",
            "version": "0.2.5",
            "source": {
                "type": "git",
                "url": "https://github.com/ho-nl/magento2-Ho_Templatehints.git",
                "reference": "c66ab94c4282acd9e3ae93f52da85d64a86c3f73"
            },
            "dist": {
                "type": "zip",
                "url": "https://api.github.com/repos/ho-nl/magento2-Ho_Templatehints/zipball/c66ab94c4282acd9e3ae93f52da85d64a86c3f73",
                "reference": "c66ab94c4282acd9e3ae93f52da85d64a86c3f73",
                "shasum": ""
            },
            "require": {
                "php": "~7.1"
            },
            "replace": {
                "ho-nl/magento2-templatehints": "self.version"
            },
            "type": "magento2-module",
            "extra": {
                "branch-alias": {
                    "dev-master": "0.2-dev"
                }
            },
            "autoload": {
                "files": [
                    "registration.php"
                ],
                "psr-4": {
                    "Ho\\Templatehints\\": ""
                }
            },
            "notification-url": "https://packagist.org/downloads/",
            "license": [
                "BSD-2-Clause"
            ],
            "authors": [
                {
                    "name": "Paul Hachmang - H&O",
                    "email": "paul@h-o.nl"
                }
            ],
            "description": "H&O Magento 2 Advanced Template Hints module",
            "homepage": "https://github.com/ho-nl/magento2-Ho_Templatehints",
            "time": "2020-04-17T12:48:43+00:00"
        }
    ],
    "aliases": [],
    "minimum-stability": "stable",
    "stability-flags": [],
    "prefer-stable": false,
    "prefer-lowest": false,
    "platform": [],
    "platform-dev": [],
    "plugin-api-version": "1.1.0"
}
